
Microsoft Visual Studio Solution File, Format Version 12.00
# Visual Studio Version 16
VisualStudioVersion = 16.0.29911.84
MinimumVisualStudioVersion = 10.0.40219.1
Project("{FAE04EC0-301F-11D3-BF4B-00C04F79EFBC}") = "ShopApiService", "ShopApiService\ShopApiService.csproj", "{241EA061-50A1-48F0-B01C-9BECC840D8DD}"
EndProject
Project("{FAE04EC0-301F-11D3-BF4B-00C04F79EFBC}") = "Shop.Infrastructure", "Shop.Infrastructure\Shop.Infrastructure.csproj", "{FF8DA7BD-1C70-4E4B-984F-A9E3CAE4586C}"
EndProject
Global
	GlobalSection(SolutionConfigurationPlatforms) = preSolution
		Debug|Any CPU = Debug|Any CPU
		Release|Any CPU = Release|Any CPU
	EndGlobalSection
	GlobalSection(ProjectConfigurationPlatforms) = postSolution
		{241EA061-50A1-48F0-B01C-9BECC840D8DD}.Debug|Any CPU.ActiveCfg = Debug|Any CPU
		{241EA061-50A1-48F0-B01C-9BECC840D8DD}.Debug|Any CPU.Build.0 = Debug|Any CPU
		{241EA061-50A1-48F0-B01C-9BECC840D8DD}.Release|Any CPU.ActiveCfg = Release|Any CPU
		{241EA061-50A1-48F0-B01C-9BECC840D8DD}.Release|Any CPU.Build.0 = Release|Any CPU
		{FF8DA7BD-1C70-4E4B-984F-A9E3CAE4586C}.Debug|Any CPU.ActiveCfg = Debug|Any CPU
		{FF8DA7BD-1C70-4E4B-984F-A9E3CAE4586C}.Debug|Any CPU.Build.0 = Debug|Any CPU
		{FF8DA7BD-1C70-4E4B-984F-A9E3CAE4586C}.Release|Any CPU.ActiveCfg = Release|Any CPU
		{FF8DA7BD-1C70-4E4B-984F-A9E3CAE4586C}.Release|Any CPU.Build.0 = Release|Any CPU
	EndGlobalSection
	GlobalSection(SolutionProperties) = preSolution
		HideSolutionNode = FALSE
	EndGlobalSection
	GlobalSection(ExtensibilityGlobals) = postSolution
		SolutionGuid = {9CE3A459-5D02-4421-993E-DFF9BEA4A4D9}
	EndGlobalSection
EndGlobal
